
Microsoft Visual Studio Solution File, Format Version 12.00
# Visual Studio Version 16
VisualStudioVersion = 16.0.30907.101
MinimumVisualStudioVersion = 10.0.40219.1
Project("{FAE04EC0-301F-11D3-BF4B-00C04F79EFBC}") = "Wsei.Lab1", "Wsei.Lab1\Wsei.Lab1.csproj", "{BCD3FD8E-080B-4E03-B8AB-8F661AE86353}"
EndProject
Global
	GlobalSection(SolutionConfigurationPlatforms) = preSolution
		Debug|Any CPU = Debug|Any CPU
		Release|Any CPU = Release|Any CPU
	EndGlobalSection
	GlobalSection(ProjectConfigurationPlatforms) = postSolution
		{BCD3FD8E-080B-4E03-B8AB-8F661AE86353}.Debug|Any CPU.ActiveCfg = Debug|Any CPU
		{BCD3FD8E-080B-4E03-B8AB-8F661AE86353}.Debug|Any CPU.Build.0 = Debug|Any CPU
		{BCD3FD8E-080B-4E03-B8AB-8F661AE86353}.Release|Any CPU.ActiveCfg = Release|Any CPU
		{BCD3FD8E-080B-4E03-B8AB-8F661AE86353}.Release|Any CPU.Build.0 = Release|Any CPU
	EndGlobalSection
	GlobalSection(SolutionProperties) = preSolution
		HideSolutionNode = FALSE
	EndGlobalSection
	GlobalSection(ExtensibilityGlobals) = postSolution
		SolutionGuid = {3C2120FC-520C-4508-B953-FFEBF65EAFC5}
	EndGlobalSection
EndGlobal
